// !$*UTF8*$!
{
	archiveVersion = 1;
	classes = {
	};
	objectVersion = 77;
	objects = {

/* Begin PBXContainerItemProxy section */
		CB99BC852CB8391F008CDCB2 /* PBXContainerItemProxy */ = {
			isa = PBXContainerItemProxy;
			containerPortal = CB99BC6C2CB8391D008CDCB2 /* Project object */;
			proxyType = 1;
			remoteGlobalIDString = CB99BC732CB8391D008CDCB2;
			remoteInfo = RecipeApp;
		};
		CB99BC8F2CB8391F008CDCB2 /* PBXContainerItemProxy */ = {
			isa = PBXContainerItemProxy;
			containerPortal = CB99BC6C2CB8391D008CDCB2 /* Project object */;
			proxyType = 1;
			remoteGlobalIDString = CB99BC732CB8391D008CDCB2;
			remoteInfo = RecipeApp;
		};
/* End PBXContainerItemProxy section */

/* Begin PBXFileReference section */
		CB99BC742CB8391D008CDCB2 /* RecipeApp.app */ = {isa = PBXFileReference; explicitFileType = wrapper.application; includeInIndex = 0; path = RecipeApp.app; sourceTree = BUILT_PRODUCTS_DIR; };
		CB99BC842CB8391F008CDCB2 /* RecipeAppTests.xctest */ = {isa = PBXFileReference; explicitFileType = wrapper.cfbundle; includeInIndex = 0; path = RecipeAppTests.xctest; sourceTree = BUILT_PRODUCTS_DIR; };
		CB99BC8E2CB8391F008CDCB2 /* RecipeAppUITests.xctest */ = {isa = PBXFileReference; explicitFileType = wrapper.cfbundle; includeInIndex = 0; path = RecipeAppUITests.xctest; sourceTree = BUILT_PRODUCTS_DIR; };
/* End PBXFileReference section */

/* Begin PBXFileSystemSynchronizedRootGroup section */
		CB99BC762CB8391D008CDCB2 /* RecipeApp */ = {
			isa = PBXFileSystemSynchronizedRootGroup;
			path = RecipeApp;
			sourceTree = "<group>";
		};
		CB99BC872CB8391F008CDCB2 /* RecipeAppTests */ = {
			isa = PBXFileSystemSynchronizedRootGroup;
			path = RecipeAppTests;
			sourceTree = "<group>";
		};
		CB99BC912CB8391F008CDCB2 /* RecipeAppUITests */ = {
			isa = PBXFileSystemSynchronizedRootGroup;
			path = RecipeAppUITests;
			sourceTree = "<group>";
		};
/* End PBXFileSystemSynchronizedRootGroup section */

/* Begin PBXFrameworksBuildPhase section */
		CB99BC712CB8391D008CDCB2 /* Frameworks */ = {
			isa = PBXFrameworksBuildPhase;
			buildActionMask = 2147483647;
			files = (
			);
			runOnlyForDeploymentPostprocessing = 0;
		};
		CB99BC812CB8391F008CDCB2 /* Frameworks */ = {
			isa = PBXFrameworksBuildPhase;
			buildActionMask = 2147483647;
			files = (
			);
			runOnlyForDeploymentPostprocessing = 0;
		};
		CB99BC8B2CB8391F008CDCB2 /* Frameworks */ = {
			isa = PBXFrameworksBuildPhase;
			buildActionMask = 2147483647;
			files = (
			);
			runOnlyForDeploymentPostprocessing = 0;
		};
/* End PBXFrameworksBuildPhase section */

/* Begin PBXGroup section */
		CB99BC6B2CB8391D008CDCB2 = {
			isa = PBXGroup;
			children = (
				CB99BC762CB8391D008CDCB2 /* RecipeApp */,
				CB99BC872CB8391F008CDCB2 /* RecipeAppTests */,
				CB99BC912CB8391F008CDCB2 /* RecipeAppUITests */,
				CB99BC752CB8391D008CDCB2 /* Products */,
			);
			sourceTree = "<group>";
		};
		CB99BC752CB8391D008CDCB2 /* Products */ = {
			isa = PBXGroup;
			children = (
				CB99BC742CB8391D008CDCB2 /* RecipeApp.app */,
				CB99BC842CB8391F008CDCB2 /* RecipeAppTests.xctest */,
				CB99BC8E2CB8391F008CDCB2 /* RecipeAppUITests.xctest */,
			);
			name = Products;
			sourceTree = "<group>";
		};
/* End PBXGroup section */

/* Begin PBXNativeTarget section */
		CB99BC732CB8391D008CDCB2 /* RecipeApp */ = {
			isa = PBXNativeTarget;
			buildConfigurationList = CB99BC982CB8391F008CDCB2 /* Build configuration list for PBXNativeTarget "RecipeApp" */;
			buildPhases = (
				CB99BC702CB8391D008CDCB2 /* Sources */,
				CB99BC712CB8391D008CDCB2 /* Frameworks */,
				CB99BC722CB8391D008CDCB2 /* Resources */,
			);
			buildRules = (
			);
			dependencies = (
			);
			fileSystemSynchronizedGroups = (
				CB99BC762CB8391D008CDCB2 /* RecipeApp */,
			);
			name = RecipeApp;
			packageProductDependencies = (
			);
			productName = RecipeApp;
			productReference = CB99BC742CB8391D008CDCB2 /* RecipeApp.app */;
			productType = "com.apple.product-type.application";
		};
		CB99BC832CB8391F008CDCB2 /* RecipeAppTests */ = {
			isa = PBXNativeTarget;
			buildConfigurationList = CB99BC9B2CB8391F008CDCB2 /* Build configuration list for PBXNativeTarget "RecipeAppTests" */;
			buildPhases = (
				CB99BC802CB8391F008CDCB2 /* Sources */,
				CB99BC812CB8391F008CDCB2 /* Frameworks */,
				CB99BC822CB8391F008CDCB2 /* Resources */,
			);
			buildRules = (
			);
			dependencies = (
				CB99BC862CB8391F008CDCB2 /* PBXTargetDependency */,
			);
			fileSystemSynchronizedGroups = (
				CB99BC872CB8391F008CDCB2 /* RecipeAppTests */,
			);
			name = RecipeAppTests;
			packageProductDependencies = (
			);
			productName = RecipeAppTests;
			productReference = CB99BC842CB8391F008CDCB2 /* RecipeAppTests.xctest */;
			productType = "com.apple.product-type.bundle.unit-test";
		};
		CB99BC8D2CB8391F008CDCB2 /* RecipeAppUITests */ = {
			isa = PBXNativeTarget;
			buildConfigurationList = CB99BC9E2CB8391F008CDCB2 /* Build configuration list for PBXNativeTarget "RecipeAppUITests" */;
			buildPhases = (
				CB99BC8A2CB8391F008CDCB2 /* Sources */,
				CB99BC8B2CB8391F008CDCB2 /* Frameworks */,
				CB99BC8C2CB8391F008CDCB2 /* Resources */,
			);
			buildRules = (
			);
			dependencies = (
				CB99BC902CB8391F008CDCB2 /* PBXTargetDependency */,
			);
			fileSystemSynchronizedGroups = (
				CB99BC912CB8391F008CDCB2 /* RecipeAppUITests */,
			);
			name = RecipeAppUITests;
			packageProductDependencies = (
			);
			productName = RecipeAppUITests;
			productReference = CB99BC8E2CB8391F008CDCB2 /* RecipeAppUITests.xctest */;
			productType = "com.apple.product-type.bundle.ui-testing";
		};
/* End PBXNativeTarget section */

/* Begin PBXProject section */
		CB99BC6C2CB8391D008CDCB2 /* Project object */ = {
			isa = PBXProject;
			attributes = {
				BuildIndependentTargetsInParallel = 1;
				LastSwiftUpdateCheck = 1600;
				LastUpgradeCheck = 1600;
				TargetAttributes = {
					CB99BC732CB8391D008CDCB2 = {
						CreatedOnToolsVersion = 16.0;
					};
					CB99BC832CB8391F008CDCB2 = {
						CreatedOnToolsVersion = 16.0;
						TestTargetID = CB99BC732CB8391D008CDCB2;
					};
					CB99BC8D2CB8391F008CDCB2 = {
						CreatedOnToolsVersion = 16.0;
						TestTargetID = CB99BC732CB8391D008CDCB2;
					};
				};
			};
			buildConfigurationList = CB99BC6F2CB8391D008CDCB2 /* Build configuration list for PBXProject "RecipeApp" */;
			developmentRegion = en;
			hasScannedForEncodings = 0;
			knownRegions = (
				en,
				Base,
			);
			mainGroup = CB99BC6B2CB8391D008CDCB2;
			minimizedProjectReferenceProxies = 1;
			preferredProjectObjectVersion = 77;
			productRefGroup = CB99BC752CB8391D008CDCB2 /* Products */;
			projectDirPath = "";
			projectRoot = "";
			targets = (
				CB99BC732CB8391D008CDCB2 /* RecipeApp */,
				CB99BC832CB8391F008CDCB2 /* RecipeAppTests */,
				CB99BC8D2CB8391F008CDCB2 /* RecipeAppUITests */,
			);
		};
/* End PBXProject section */

/* Begin PBXResourcesBuildPhase section */
		CB99BC722CB8391D008CDCB2 /* Resources */ = {
			isa = PBXResourcesBuildPhase;
			buildActionMask = 2147483647;
			files = (
			);
			runOnlyForDeploymentPostprocessing = 0;
		};
		CB99BC822CB8391F008CDCB2 /* Resources */ = {
			isa = PBXResourcesBuildPhase;
			buildActionMask = 2147483647;
			files = (
			);
			runOnlyForDeploymentPostprocessing = 0;
		};
		CB99BC8C2CB8391F008CDCB2 /* Resources */ = {
			isa = PBXResourcesBuildPhase;
			buildActionMask = 2147483647;
			files = (
			);
			runOnlyForDeploymentPostprocessing = 0;
		};
/* End PBXResourcesBuildPhase section */

/* Begin PBXSourcesBuildPhase section */
		CB99BC702CB8391D008CDCB2 /* Sources */ = {
			isa = PBXSourcesBuildPhase;
			buildActionMask = 2147483647;
			files = (
			);
			runOnlyForDeploymentPostprocessing = 0;
		};
		CB99BC802CB8391F008CDCB2 /* Sources */ = {
			isa = PBXSourcesBuildPhase;
			buildActionMask = 2147483647;
			files = (
			);
			runOnlyForDeploymentPostprocessing = 0;
		};
		CB99BC8A2CB8391F008CDCB2 /* Sources */ = {
			isa = PBXSourcesBuildPhase;
			buildActionMask = 2147483647;
			files = (
			);
			runOnlyForDeploymentPostprocessing = 0;
		};
/* End PBXSourcesBuildPhase section */

/* Begin PBXTargetDependency section */
		CB99BC862CB8391F008CDCB2 /* PBXTargetDependency */ = {
			isa = PBXTargetDependency;
			target = CB99BC732CB8391D008CDCB2 /* RecipeApp */;
			targetProxy = CB99BC852CB8391F008CDCB2 /* PBXContainerItemProxy */;
		};
		CB99BC902CB8391F008CDCB2 /* PBXTargetDependency */ = {
			isa = PBXTargetDependency;
			target = CB99BC732CB8391D008CDCB2 /* RecipeApp */;
			targetProxy = CB99BC8F2CB8391F008CDCB2 /* PBXContainerItemProxy */;
		};
/* End PBXTargetDependency section */

/* Begin XCBuildConfiguration section */
		CB99BC962CB8391F008CDCB2 /* Debug */ = {
			isa = XCBuildConfiguration;
			buildSettings = {
				ALWAYS_SEARCH_USER_PATHS = NO;
				ASSETCATALOG_COMPILER_GENERATE_SWIFT_ASSET_SYMBOL_EXTENSIONS = YES;
				CLANG_ANALYZER_NONNULL = YES;
				CLANG_ANALYZER_NUMBER_OBJECT_CONVERSION = YES_AGGRESSIVE;
				CLANG_CXX_LANGUAGE_STANDARD = "gnu++20";
				CLANG_ENABLE_MODULES = YES;
				CLANG_ENABLE_OBJC_ARC = YES;
				CLANG_ENABLE_OBJC_WEAK = YES;
				CLANG_WARN_BLOCK_CAPTURE_AUTORELEASING = YES;
				CLANG_WARN_BOOL_CONVERSION = YES;
				CLANG_WARN_COMMA = YES;
				CLANG_WARN_CONSTANT_CONVERSION = YES;
				CLANG_WARN_DEPRECATED_OBJC_IMPLEMENTATIONS = YES;
				CLANG_WARN_DIRECT_OBJC_ISA_USAGE = YES_ERROR;
				CLANG_WARN_DOCUMENTATION_COMMENTS = YES;
				CLANG_WARN_EMPTY_BODY = YES;
				CLANG_WARN_ENUM_CONVERSION = YES;
				CLANG_WARN_INFINITE_RECURSION = YES;
				CLANG_WARN_INT_CONVERSION = YES;
				CLANG_WARN_NON_LITERAL_NULL_CONVERSION = YES;
				CLANG_WARN_OBJC_IMPLICIT_RETAIN_SELF = YES;
				CLANG_WARN_OBJC_LITERAL_CONVERSION = YES;
				CLANG_WARN_OBJC_ROOT_CLASS = YES_ERROR;
				CLANG_WARN_QUOTED_INCLUDE_IN_FRAMEWORK_HEADER = YES;
				CLANG_WARN_RANGE_LOOP_ANALYSIS = YES;
				CLANG_WARN_STRICT_PROTOTYPES = YES;
				CLANG_WARN_SUSPICIOUS_MOVE = YES;
				CLANG_WARN_UNGUARDED_AVAILABILITY = YES_AGGRESSIVE;
				CLANG_WARN_UNREACHABLE_CODE = YES;
				CLANG_WARN__DUPLICATE_METHOD_MATCH = YES;
				COPY_PHASE_STRIP = NO;
				DEBUG_INFORMATION_FORMAT = dwarf;
				ENABLE_STRICT_OBJC_MSGSEND = YES;
				ENABLE_TESTABILITY = YES;
				ENABLE_USER_SCRIPT_SANDBOXING = YES;
				GCC_C_LANGUAGE_STANDARD = gnu17;
				GCC_DYNAMIC_NO_PIC = NO;
				GCC_NO_COMMON_BLOCKS = YES;
				GCC_OPTIMIZATION_LEVEL = 0;
				GCC_PREPROCESSOR_DEFINITIONS = (
					"DEBUG=1",
					"$(inherited)",
				);
				GCC_WARN_64_TO_32_BIT_CONVERSION = YES;
				GCC_WARN_ABOUT_RETURN_TYPE = YES_ERROR;
				GCC_WARN_UNDECLARED_SELECTOR = YES;
				GCC_WARN_UNINITIALIZED_AUTOS = YES_AGGRESSIVE;
				GCC_WARN_UNUSED_FUNCTION = YES;
				GCC_WARN_UNUSED_VARIABLE = YES;
				IPHONEOS_DEPLOYMENT_TARGET = 18.0;
				LOCALIZATION_PREFERS_STRING_CATALOGS = YES;
				MTL_ENABLE_DEBUG_INFO = INCLUDE_SOURCE;
				MTL_FAST_MATH = YES;
				ONLY_ACTIVE_ARCH = YES;
				SDKROOT = iphoneos;
				SWIFT_ACTIVE_COMPILATION_CONDITIONS = "DEBUG $(inherited)";
				SWIFT_OPTIMIZATION_LEVEL = "-Onone";
			};
			name = Debug;
		};
		CB99BC972CB8391F008CDCB2 /* Release */ = {
			isa = XCBuildConfiguration;
			buildSettings = {
				ALWAYS_SEARCH_USER_PATHS = NO;
				ASSETCATALOG_COMPILER_GENERATE_SWIFT_ASSET_SYMBOL_EXTENSIONS = YES;
				CLANG_ANALYZER_NONNULL = YES;
				CLANG_ANALYZER_NUMBER_OBJECT_CONVERSION = YES_AGGRESSIVE;
				CLANG_CXX_LANGUAGE_STANDARD = "gnu++20";
				CLANG_ENABLE_MODULES = YES;
				CLANG_ENABLE_OBJC_ARC = YES;
				CLANG_ENABLE_OBJC_WEAK = YES;
				CLANG_WARN_BLOCK_CAPTURE_AUTORELEASING = YES;
				CLANG_WARN_BOOL_CONVERSION = YES;
				CLANG_WARN_COMMA = YES;
				CLANG_WARN_CONSTANT_CONVERSION = YES;
				CLANG_WARN_DEPRECATED_OBJC_IMPLEMENTATIONS = YES;
				CLANG_WARN_DIRECT_OBJC_ISA_USAGE = YES_ERROR;
				CLANG_WARN_DOCUMENTATION_COMMENTS = YES;
				CLANG_WARN_EMPTY_BODY = YES;
				CLANG_WARN_ENUM_CONVERSION = YES;
				CLANG_WARN_INFINITE_RECURSION = YES;
				CLANG_WARN_INT_CONVERSION = YES;
				CLANG_WARN_NON_LITERAL_NULL_CONVERSION = YES;
				CLANG_WARN_OBJC_IMPLICIT_RETAIN_SELF = YES;
				CLANG_WARN_OBJC_LITERAL_CONVERSION = YES;
				CLANG_WARN_OBJC_ROOT_CLASS = YES_ERROR;
				CLANG_WARN_QUOTED_INCLUDE_IN_FRAMEWORK_HEADER = YES;
				CLANG_WARN_RANGE_LOOP_ANALYSIS = YES;
				CLANG_WARN_STRICT_PROTOTYPES = YES;
				CLANG_WARN_SUSPICIOUS_MOVE = YES;
				CLANG_WARN_UNGUARDED_AVAILABILITY = YES_AGGRESSIVE;
				CLANG_WARN_UNREACHABLE_CODE = YES;
				CLANG_WARN__DUPLICATE_METHOD_MATCH = YES;
				COPY_PHASE_STRIP = NO;
				DEBUG_INFORMATION_FORMAT = "dwarf-with-dsym";
				ENABLE_NS_ASSERTIONS = NO;
				ENABLE_STRICT_OBJC_MSGSEND = YES;
				ENABLE_USER_SCRIPT_SANDBOXING = YES;
				GCC_C_LANGUAGE_STANDARD = gnu17;
				GCC_NO_COMMON_BLOCKS = YES;
				GCC_WARN_64_TO_32_BIT_CONVERSION = YES;
				GCC_WARN_ABOUT_RETURN_TYPE = YES_ERROR;
				GCC_WARN_UNDECLARED_SELECTOR = YES;
				GCC_WARN_UNINITIALIZED_AUTOS = YES_AGGRESSIVE;
				GCC_WARN_UNUSED_FUNCTION = YES;
				GCC_WARN_UNUSED_VARIABLE = YES;
				IPHONEOS_DEPLOYMENT_TARGET = 18.0;
				LOCALIZATION_PREFERS_STRING_CATALOGS = YES;
				MTL_ENABLE_DEBUG_INFO = NO;
				MTL_FAST_MATH = YES;
				SDKROOT = iphoneos;
				SWIFT_COMPILATION_MODE = wholemodule;
				VALIDATE_PRODUCT = YES;
			};
			name = Release;
		};
		CB99BC992CB8391F008CDCB2 /* Debug */ = {
			isa = XCBuildConfiguration;
			buildSettings = {
				ASSETCATALOG_COMPILER_APPICON_NAME = AppIcon;
				ASSETCATALOG_COMPILER_GLOBAL_ACCENT_COLOR_NAME = AccentColor;
				CODE_SIGN_STYLE = Automatic;
				CURRENT_PROJECT_VERSION = 1;
				DEVELOPMENT_ASSET_PATHS = "\"RecipeApp/Preview Content\"";
				ENABLE_PREVIEWS = YES;
				GENERATE_INFOPLIST_FILE = YES;
				INFOPLIST_KEY_UIApplicationSceneManifest_Generation = YES;
				INFOPLIST_KEY_UIApplicationSupportsIndirectInputEvents = YES;
				INFOPLIST_KEY_UILaunchScreen_Generation = YES;
				INFOPLIST_KEY_UISupportedInterfaceOrientations_iPad = "UIInterfaceOrientationPortrait UIInterfaceOrientationPortraitUpsideDown UIInterfaceOrientationLandscapeLeft UIInterfaceOrientationLandscapeRight";
				INFOPLIST_KEY_UISupportedInterfaceOrientations_iPhone = "UIInterfaceOrientationPortrait UIInterfaceOrientationLandscapeLeft UIInterfaceOrientationLandscapeRight";
				LD_RUNPATH_SEARCH_PATHS = (
					"$(inherited)",
					"@executable_path/Frameworks",
				);
				MARKETING_VERSION = 1.0;
				PRODUCT_BUNDLE_IDENTIFIER = com.progovac.swiftdatatest.RecipeApp;
				PRODUCT_NAME = "$(TARGET_NAME)";
				SWIFT_EMIT_LOC_STRINGS = YES;
				SWIFT_VERSION = 5.0;
				TARGETED_DEVICE_FAMILY = "1,2";
			};
			name = Debug;
		};
		CB99BC9A2CB8391F008CDCB2 /* Release */ = {
			isa = XCBuildConfiguration;
			buildSettings = {
				ASSETCATALOG_COMPILER_APPICON_NAME = AppIcon;
				ASSETCATALOG_COMPILER_GLOBAL_ACCENT_COLOR_NAME = AccentColor;
				CODE_SIGN_STYLE = Automatic;
				CURRENT_PROJECT_VERSION = 1;
				DEVELOPMENT_ASSET_PATHS = "\"RecipeApp/Preview Content\"";
				ENABLE_PREVIEWS = YES;
				GENERATE_INFOPLIST_FILE = YES;
				INFOPLIST_KEY_UIApplicationSceneManifest_Generation = YES;
				INFOPLIST_KEY_UIApplicationSupportsIndirectInputEvents = YES;
				INFOPLIST_KEY_UILaunchScreen_Generation = YES;
				INFOPLIST_KEY_UISupportedInterfaceOrientations_iPad = "UIInterfaceOrientationPortrait UIInterfaceOrientationPortraitUpsideDown UIInterfaceOrientationLandscapeLeft UIInterfaceOrientationLandscapeRight";
				INFOPLIST_KEY_UISupportedInterfaceOrientations_iPhone = "UIInterfaceOrientationPortrait UIInterfaceOrientationLandscapeLeft UIInterfaceOrientationLandscapeRight";
				LD_RUNPATH_SEARCH_PATHS = (
					"$(inherited)",
					"@executable_path/Frameworks",
				);
				MARKETING_VERSION = 1.0;
				PRODUCT_BUNDLE_IDENTIFIER = com.progovac.swiftdatatest.RecipeApp;
				PRODUCT_NAME = "$(TARGET_NAME)";
				SWIFT_EMIT_LOC_STRINGS = YES;
				SWIFT_VERSION = 5.0;
				TARGETED_DEVICE_FAMILY = "1,2";
			};
			name = Release;
		};
		CB99BC9C2CB8391F008CDCB2 /* Debug */ = {
			isa = XCBuildConfiguration;
			buildSettings = {
				BUNDLE_LOADER = "$(TEST_HOST)";
				CODE_SIGN_STYLE = Automatic;
				CURRENT_PROJECT_VERSION = 1;
				GENERATE_INFOPLIST_FILE = YES;
				IPHONEOS_DEPLOYMENT_TARGET = 18.0;
				MARKETING_VERSION = 1.0;
				PRODUCT_BUNDLE_IDENTIFIER = com.progovac.swiftdatatest.RecipeAppTests;
				PRODUCT_NAME = "$(TARGET_NAME)";
				SWIFT_EMIT_LOC_STRINGS = NO;
				SWIFT_VERSION = 5.0;
				TARGETED_DEVICE_FAMILY = "1,2";
				TEST_HOST = "$(BUILT_PRODUCTS_DIR)/RecipeApp.app/$(BUNDLE_EXECUTABLE_FOLDER_PATH)/RecipeApp";
			};
			name = Debug;
		};
		CB99BC9D2CB8391F008CDCB2 /* Release */ = {
			isa = XCBuildConfiguration;
			buildSettings = {
				BUNDLE_LOADER = "$(TEST_HOST)";
				CODE_SIGN_STYLE = Automatic;
				CURRENT_PROJECT_VERSION = 1;
				GENERATE_INFOPLIST_FILE = YES;
				IPHONEOS_DEPLOYMENT_TARGET = 18.0;
				MARKETING_VERSION = 1.0;
				PRODUCT_BUNDLE_IDENTIFIER = com.progovac.swiftdatatest.RecipeAppTests;
				PRODUCT_NAME = "$(TARGET_NAME)";
				SWIFT_EMIT_LOC_STRINGS = NO;
				SWIFT_VERSION = 5.0;
				TARGETED_DEVICE_FAMILY = "1,2";
				TEST_HOST = "$(BUILT_PRODUCTS_DIR)/RecipeApp.app/$(BUNDLE_EXECUTABLE_FOLDER_PATH)/RecipeApp";
			};
			name = Release;
		};
		CB99BC9F2CB8391F008CDCB2 /* Debug */ = {
			isa = XCBuildConfiguration;
			buildSettings = {
				CODE_SIGN_STYLE = Automatic;
				CURRENT_PROJECT_VERSION = 1;
				GENERATE_INFOPLIST_FILE = YES;
				MARKETING_VERSION = 1.0;
				PRODUCT_BUNDLE_IDENTIFIER = com.progovac.swiftdatatest.RecipeAppUITests;
				PRODUCT_NAME = "$(TARGET_NAME)";
				SWIFT_EMIT_LOC_STRINGS = NO;
				SWIFT_VERSION = 5.0;
				TARGETED_DEVICE_FAMILY = "1,2";
				TEST_TARGET_NAME = RecipeApp;
			};
			name = Debug;
		};
		CB99BCA02CB8391F008CDCB2 /* Release */ = {
			isa = XCBuildConfiguration;
			buildSettings = {
				CODE_SIGN_STYLE = Automatic;
				CURRENT_PROJECT_VERSION = 1;
				GENERATE_INFOPLIST_FILE = YES;
				MARKETING_VERSION = 1.0;
				PRODUCT_BUNDLE_IDENTIFIER = com.progovac.swiftdatatest.RecipeAppUITests;
				PRODUCT_NAME = "$(TARGET_NAME)";
				SWIFT_EMIT_LOC_STRINGS = NO;
				SWIFT_VERSION = 5.0;
				TARGETED_DEVICE_FAMILY = "1,2";
				TEST_TARGET_NAME = RecipeApp;
			};
			name = Release;
		};
/* End XCBuildConfiguration section */

/* Begin XCConfigurationList section */
		CB99BC6F2CB8391D008CDCB2 /* Build configuration list for PBXProject "RecipeApp" */ = {
			isa = XCConfigurationList;
			buildConfigurations = (
				CB99BC962CB8391F008CDCB2 /* Debug */,
				CB99BC972CB8391F008CDCB2 /* Release */,
			);
			defaultConfigurationIsVisible = 0;
			defaultConfigurationName = Release;
		};
		CB99BC982CB8391F008CDCB2 /* Build configuration list for PBXNativeTarget "RecipeApp" */ = {
			isa = XCConfigurationList;
			buildConfigurations = (
				CB99BC992CB8391F008CDCB2 /* Debug */,
				CB99BC9A2CB8391F008CDCB2 /* Release */,
			);
			defaultConfigurationIsVisible = 0;
			defaultConfigurationName = Release;
		};
		CB99BC9B2CB8391F008CDCB2 /* Build configuration list for PBXNativeTarget "RecipeAppTests" */ = {
			isa = XCConfigurationList;
			buildConfigurations = (
				CB99BC9C2CB8391F008CDCB2 /* Debug */,
				CB99BC9D2CB8391F008CDCB2 /* Release */,
			);
			defaultConfigurationIsVisible = 0;
			defaultConfigurationName = Release;
		};
		CB99BC9E2CB8391F008CDCB2 /* Build configuration list for PBXNativeTarget "RecipeAppUITests" */ = {
			isa = XCConfigurationList;
			buildConfigurations = (
				CB99BC9F2CB8391F008CDCB2 /* Debug */,
				CB99BCA02CB8391F008CDCB2 /* Release */,
			);
			defaultConfigurationIsVisible = 0;
			defaultConfigurationName = Release;
		};
/* End XCConfigurationList section */
	};
	rootObject = CB99BC6C2CB8391D008CDCB2 /* Project object */;
}
